
Microsoft Visual Studio Solution File, Format Version 12.00
# Visual Studio Version 16
VisualStudioVersion = 16.0.29020.237
MinimumVisualStudioVersion = 10.0.40219.1
Project("{2150E333-8FDC-42A3-9474-1A3956D46DE8}") = "Services", "Services", "{B2DBCEAD-DCBB-4095-94B0-C85CA0ABF60D}"
EndProject
Project("{9A19103F-16F7-4668-BE54-9A1E7A4F7556}") = "Chamada.Services.Api.3.0", "src\Services\Chamada.Services.Api.3.0\Chamada.Services.Api.3.0\Chamada.Services.Api.3.0.csproj", "{A3CC9DDF-792D-4E1C-AA46-145FEAD4B1BC}"
EndProject
Global
	GlobalSection(SolutionConfigurationPlatforms) = preSolution
		Debug|Any CPU = Debug|Any CPU
		Release|Any CPU = Release|Any CPU
	EndGlobalSection
	GlobalSection(ProjectConfigurationPlatforms) = postSolution
		{A3CC9DDF-792D-4E1C-AA46-145FEAD4B1BC}.Debug|Any CPU.ActiveCfg = Debug|Any CPU
		{A3CC9DDF-792D-4E1C-AA46-145FEAD4B1BC}.Debug|Any CPU.Build.0 = Debug|Any CPU
		{A3CC9DDF-792D-4E1C-AA46-145FEAD4B1BC}.Release|Any CPU.ActiveCfg = Release|Any CPU
		{A3CC9DDF-792D-4E1C-AA46-145FEAD4B1BC}.Release|Any CPU.Build.0 = Release|Any CPU
	EndGlobalSection
	GlobalSection(SolutionProperties) = preSolution
		HideSolutionNode = FALSE
	EndGlobalSection
	GlobalSection(NestedProjects) = preSolution
		{A3CC9DDF-792D-4E1C-AA46-145FEAD4B1BC} = {B2DBCEAD-DCBB-4095-94B0-C85CA0ABF60D}
	EndGlobalSection
	GlobalSection(ExtensibilityGlobals) = postSolution
		SolutionGuid = {0DC2046D-0960-429D-A322-057A75BF65BC}
	EndGlobalSection
EndGlobal
